# This file is automatically @generated by Cargo.
# It is not intended for manual editing.
version = 4

[[package]]
name = "body-ecu-adapters"
version = "0.1.0"
dependencies = [
 "body-ecu-can-gateway",
 "body-ecu-diagnostics",
 "body-ecu-door-lock",
 "body-ecu-ffi",
 "body-ecu-ignition",
 "body-ecu-lighting",
 "body-ecu-ports",
 "body-ecu-someip",
 "body-ecu-speed-simulator",
 "body-ecu-vehicle-mode",
 "forkpoint",
 "openbsw-lifecycle",
]

[[package]]
name = "body-ecu-can-gateway"
version = "0.1.0"
dependencies = [
 "body-ecu-ports",
]

[[package]]
name = "body-ecu-diagnostics"
version = "0.1.0"
dependencies = [
 "body-ecu-ports",
]

[[package]]
name = "body-ecu-door-lock"
version = "0.1.0"
dependencies = [
 "body-ecu-ports",
 "forkpoint",
]

[[package]]
name = "body-ecu-ffi"
version = "0.1.0"

[[package]]
name = "body-ecu-ignition"
version = "0.1.0"
dependencies = [
 "body-ecu-ports",
 "body-ecu-vehicle-mode",
 "forkpoint",
]

[[package]]
name = "body-ecu-lighting"
version = "0.1.0"
dependencies = [
 "body-ecu-ports",
 "forkpoint",
]

[[package]]
name = "body-ecu-ports"
version = "0.1.0"

[[package]]
name = "body-ecu-someip"
version = "0.1.0"

[[package]]
name = "body-ecu-speed-simulator"
version = "0.1.0"
dependencies = [
 "body-ecu-ports",
 "forkpoint",
]

[[package]]
name = "body-ecu-vehicle-mode"
version = "0.1.0"
dependencies = [
 "body-ecu-ports",
 "forkpoint",
]

[[package]]
name = "forkpoint"
version = "0.1.0"

[[package]]
name = "openbsw-async"
version = "0.1.0"
dependencies = [
 "openbsw-timer",
 "openbsw-util",
]

[[package]]
name = "openbsw-async-zephyr"
version = "0.1.0"
dependencies = [
 "openbsw-async",
 "openbsw-timer",
 "openbsw-util",
 "openbsw-zephyr-ffi",
]

[[package]]
name = "openbsw-bsp-zephyr"
version = "0.1.0"
dependencies = [
 "openbsw-async",
 "openbsw-async-zephyr",
 "openbsw-cpp2can",
 "openbsw-util",
 "openbsw-zephyr-ffi",
]

[[package]]
name = "openbsw-cpp2can"
version = "0.1.0"
dependencies = [
 "openbsw-timer",
 "openbsw-util",
]

[[package]]
name = "openbsw-lifecycle"
version = "0.1.0"
dependencies = [
 "openbsw-async",
 "openbsw-util",
]

[[package]]
name = "openbsw-runtime"
version = "0.1.0"
dependencies = [
 "openbsw-timer",
 "openbsw-util",
]

[[package]]
name = "openbsw-timer"
version = "0.1.0"

[[package]]
name = "openbsw-util"
version = "0.1.0"

[[package]]
name = "openbsw-zephyr-ffi"
version = "0.1.0"

[[package]]
name = "rustapp"
version = "0.1.0"
dependencies = [
 "body-ecu-adapters",
 "body-ecu-diagnostics",
 "body-ecu-door-lock",
 "body-ecu-ffi",
 "body-ecu-ignition",
 "body-ecu-lighting",
 "body-ecu-ports",
 "body-ecu-vehicle-mode",
 "forkpoint",
 "openbsw-async",
 "openbsw-async-zephyr",
 "openbsw-bsp-zephyr",
 "openbsw-lifecycle",
 "openbsw-runtime",
 "openbsw-zephyr-ffi",
]
